
Microsoft Visual Studio Solution File, Format Version 12.00
# Visual Studio Version 17
VisualStudioVersion = 17.10.34607.79
MinimumVisualStudioVersion = 10.0.40219.1
Project("{FAE04EC0-301F-11D3-BF4B-00C04F79EFBC}") = "vidriera2", "vidriera2\vidriera2\vidriera2.csproj", "{6F56D31C-83AD-4EF9-B2CD-BD877CEF5C8B}"
EndProject
Project("{FAE04EC0-301F-11D3-BF4B-00C04F79EFBC}") = "vidriera2.Client", "vidriera2\vidriera2.Client\vidriera2.Client.csproj", "{31D59989-6FB6-4734-BE3D-3A7F5382D102}"
EndProject
Global
	GlobalSection(SolutionConfigurationPlatforms) = preSolution
		Debug|Any CPU = Debug|Any CPU
		Release|Any CPU = Release|Any CPU
	EndGlobalSection
	GlobalSection(ProjectConfigurationPlatforms) = postSolution
		{6F56D31C-83AD-4EF9-B2CD-BD877CEF5C8B}.Debug|Any CPU.ActiveCfg = Debug|Any CPU
		{6F56D31C-83AD-4EF9-B2CD-BD877CEF5C8B}.Debug|Any CPU.Build.0 = Debug|Any CPU
		{6F56D31C-83AD-4EF9-B2CD-BD877CEF5C8B}.Release|Any CPU.ActiveCfg = Release|Any CPU
		{6F56D31C-83AD-4EF9-B2CD-BD877CEF5C8B}.Release|Any CPU.Build.0 = Release|Any CPU
		{31D59989-6FB6-4734-BE3D-3A7F5382D102}.Debug|Any CPU.ActiveCfg = Debug|Any CPU
		{31D59989-6FB6-4734-BE3D-3A7F5382D102}.Debug|Any CPU.Build.0 = Debug|Any CPU
		{31D59989-6FB6-4734-BE3D-3A7F5382D102}.Release|Any CPU.ActiveCfg = Release|Any CPU
		{31D59989-6FB6-4734-BE3D-3A7F5382D102}.Release|Any CPU.Build.0 = Release|Any CPU
	EndGlobalSection
	GlobalSection(SolutionProperties) = preSolution
		HideSolutionNode = FALSE
	EndGlobalSection
	GlobalSection(ExtensibilityGlobals) = postSolution
		SolutionGuid = {E4B2F2AF-311B-4F9D-A964-B0221AA9EBBC}
	EndGlobalSection
EndGlobal
